// !$*UTF8*$!
{
	archiveVersion = 1;
	classes = {
	};
	objectVersion = 50;
	objects = {

/* Begin PBXBuildFile section */
		DACA8BD320A2000A007035F8 /* AppDelegate.swift in Sources */ = {isa = PBXBuildFile; fileRef = DACA8BD220A2000A007035F8 /* AppDelegate.swift */; };
		DACA8BD520A2000A007035F8 /* ViewController.swift in Sources */ = {isa = PBXBuildFile; fileRef = DACA8BD420A2000A007035F8 /* ViewController.swift */; };
		DACA8BD820A2000A007035F8 /* Main.storyboard in Resources */ = {isa = PBXBuildFile; fileRef = DACA8BD620A2000A007035F8 /* Main.storyboard */; };
		DACA8BDA20A20010007035F8 /* Assets.xcassets in Resources */ = {isa = PBXBuildFile; fileRef = DACA8BD920A20010007035F8 /* Assets.xcassets */; };
		DACA8BDD20A20010007035F8 /* LaunchScreen.storyboard in Resources */ = {isa = PBXBuildFile; fileRef = DACA8BDB20A20010007035F8 /* LaunchScreen.storyboard */; };
		E650B2E6255D62150BA41B37 /* Pods_LifeTasks.framework in Frameworks */ = {isa = PBXBuildFile; fileRef = 3CE591821509F9D7E4B9B17B /* Pods_LifeTasks.framework */; };
/* End PBXBuildFile section */

/* Begin PBXFileReference section */
		3CE591821509F9D7E4B9B17B /* Pods_LifeTasks.framework */ = {isa = PBXFileReference; explicitFileType = wrapper.framework; includeInIndex = 0; path = Pods_LifeTasks.framework; sourceTree = BUILT_PRODUCTS_DIR; };
		5C6C2FDC26BC130C274321C9 /* Pods-LifeTasks.debug.xcconfig */ = {isa = PBXFileReference; includeInIndex = 1; lastKnownFileType = text.xcconfig; name = "Pods-LifeTasks.debug.xcconfig"; path = "Pods/Target Support Files/Pods-LifeTasks/Pods-LifeTasks.debug.xcconfig"; sourceTree = "<group>"; };
		5E454B497E84F39E29D0F2FF /* Pods-LifeTasks.release.xcconfig */ = {isa = PBXFileReference; includeInIndex = 1; lastKnownFileType = text.xcconfig; name = "Pods-LifeTasks.release.xcconfig"; path = "Pods/Target Support Files/Pods-LifeTasks/Pods-LifeTasks.release.xcconfig"; sourceTree = "<group>"; };
		DACA8BCF20A2000A007035F8 /* LifeTasks.app */ = {isa = PBXFileReference; explicitFileType = wrapper.application; includeInIndex = 0; path = LifeTasks.app; sourceTree = BUILT_PRODUCTS_DIR; };
		DACA8BD220A2000A007035F8 /* AppDelegate.swift */ = {isa = PBXFileReference; lastKnownFileType = sourcecode.swift; path = AppDelegate.swift; sourceTree = "<group>"; };
		DACA8BD420A2000A007035F8 /* ViewController.swift */ = {isa = PBXFileReference; lastKnownFileType = sourcecode.swift; path = ViewController.swift; sourceTree = "<group>"; };
		DACA8BD720A2000A007035F8 /* Base */ = {isa = PBXFileReference; lastKnownFileType = file.storyboard; name = Base; path = Base.lproj/Main.storyboard; sourceTree = "<group>"; };
		DACA8BD920A20010007035F8 /* Assets.xcassets */ = {isa = PBXFileReference; lastKnownFileType = folder.assetcatalog; path = Assets.xcassets; sourceTree = "<group>"; };
		DACA8BDC20A20010007035F8 /* Base */ = {isa = PBXFileReference; lastKnownFileType = file.storyboard; name = Base; path = Base.lproj/LaunchScreen.storyboard; sourceTree = "<group>"; };
		DACA8BDE20A20010007035F8 /* Info.plist */ = {isa = PBXFileReference; lastKnownFileType = text.plist.xml; path = Info.plist; sourceTree = "<group>"; };
/* End PBXFileReference section */

/* Begin PBXFrameworksBuildPhase section */
		DACA8BCC20A2000A007035F8 /* Frameworks */ = {
			isa = PBXFrameworksBuildPhase;
			buildActionMask = 2147483647;
			files = (
				E650B2E6255D62150BA41B37 /* Pods_LifeTasks.framework in Frameworks */,
			);
			runOnlyForDeploymentPostprocessing = 0;
		};
/* End PBXFrameworksBuildPhase section */

/* Begin PBXGroup section */
		0434C3EFBA20BFFD123CD293 /* Pods */ = {
			isa = PBXGroup;
			children = (
				5C6C2FDC26BC130C274321C9 /* Pods-LifeTasks.debug.xcconfig */,
				5E454B497E84F39E29D0F2FF /* Pods-LifeTasks.release.xcconfig */,
			);
			name = Pods;
			sourceTree = "<group>";
		};
		481D8DD7D4DDEEECE9E55B70 /* Frameworks */ = {
			isa = PBXGroup;
			children = (
				3CE591821509F9D7E4B9B17B /* Pods_LifeTasks.framework */,
			);
			name = Frameworks;
			sourceTree = "<group>";
		};
		DACA8BC620A2000A007035F8 = {
			isa = PBXGroup;
			children = (
				DACA8BD120A2000A007035F8 /* LifeTasks */,
				DACA8BD020A2000A007035F8 /* Products */,
				0434C3EFBA20BFFD123CD293 /* Pods */,
				481D8DD7D4DDEEECE9E55B70 /* Frameworks */,
			);
			sourceTree = "<group>";
		};
		DACA8BD020A2000A007035F8 /* Products */ = {
			isa = PBXGroup;
			children = (
				DACA8BCF20A2000A007035F8 /* LifeTasks.app */,
			);
			name = Products;
			sourceTree = "<group>";
		};
		DACA8BD120A2000A007035F8 /* LifeTasks */ = {
			isa = PBXGroup;
			children = (
				DACA8BD220A2000A007035F8 /* AppDelegate.swift */,
				DACA8BD420A2000A007035F8 /* ViewController.swift */,
				DACA8BD620A2000A007035F8 /* Main.storyboard */,
				DACA8BD920A20010007035F8 /* Assets.xcassets */,
				DACA8BDB20A20010007035F8 /* LaunchScreen.storyboard */,
				DACA8BDE20A20010007035F8 /* Info.plist */,
			);
			path = LifeTasks;
			sourceTree = "<group>";
		};
/* End PBXGroup section */

/* Begin PBXNativeTarget section */
		DACA8BCE20A2000A007035F8 /* LifeTasks */ = {
			isa = PBXNativeTarget;
			buildConfigurationList = DACA8BE120A20010007035F8 /* Build configuration list for PBXNativeTarget "LifeTasks" */;
			buildPhases = (
				B88DEA85232AF2076F2E6224 /* [CP] Check Pods Manifest.lock */,
				DACA8BCB20A2000A007035F8 /* Sources */,
				DACA8BCC20A2000A007035F8 /* Frameworks */,
				DACA8BCD20A2000A007035F8 /* Resources */,
				936138051DB156634C5B9971 /* [CP] Embed Pods Frameworks */,
			);
			buildRules = (
			);
			dependencies = (
			);
			name = LifeTasks;
			productName = LifeTasks;
			productReference = DACA8BCF20A2000A007035F8 /* LifeTasks.app */;
			productType = "com.apple.product-type.application";
		};
/* End PBXNativeTarget section */

/* Begin PBXProject section */
		DACA8BC720A2000A007035F8 /* Project object */ = {
			isa = PBXProject;
			attributes = {
				LastSwiftUpdateCheck = 0930;
				LastUpgradeCheck = 0930;
				ORGANIZATIONNAME = MacAMP;
				TargetAttributes = {
					DACA8BCE20A2000A007035F8 = {
						CreatedOnToolsVersion = 9.3;
					};
				};
			};
			buildConfigurationList = DACA8BCA20A2000A007035F8 /* Build configuration list for PBXProject "LifeTasks" */;
			compatibilityVersion = "Xcode 9.3";
			developmentRegion = en;
			hasScannedForEncodings = 0;
			knownRegions = (
				en,
				Base,
			);
			mainGroup = DACA8BC620A2000A007035F8;
			productRefGroup = DACA8BD020A2000A007035F8 /* Products */;
			projectDirPath = "";
			projectRoot = "";
			targets = (
				DACA8BCE20A2000A007035F8 /* LifeTasks */,
			);
		};
/* End PBXProject section */

/* Begin PBXResourcesBuildPhase section */
		DACA8BCD20A2000A007035F8 /* Resources */ = {
			isa = PBXResourcesBuildPhase;
			buildActionMask = 2147483647;
			files = (
				DACA8BDD20A20010007035F8 /* LaunchScreen.storyboard in Resources */,
				DACA8BDA20A20010007035F8 /* Assets.xcassets in Resources */,
				DACA8BD820A2000A007035F8 /* Main.storyboard in Resources */,
			);
			runOnlyForDeploymentPostprocessing = 0;
		};
/* End PBXResourcesBuildPhase section */

/* Begin PBXShellScriptBuildPhase section */
		936138051DB156634C5B9971 /* [CP] Embed Pods Frameworks */ = {
			isa = PBXShellScriptBuildPhase;
			buildActionMask = 2147483647;
			files = (
			);
			inputPaths = (
				"${SRCROOT}/Pods/Target Support Files/Pods-LifeTasks/Pods-LifeTasks-frameworks.sh",
				"${BUILT_PRODUCTS_DIR}/AppTasksDay/AppTasksDay.framework",
				"${BUILT_PRODUCTS_DIR}/Realm/Realm.framework",
				"${BUILT_PRODUCTS_DIR}/RealmSwift/RealmSwift.framework",
			);
			name = "[CP] Embed Pods Frameworks";
			outputPaths = (
				"${TARGET_BUILD_DIR}/${FRAMEWORKS_FOLDER_PATH}/AppTasksDay.framework",
				"${TARGET_BUILD_DIR}/${FRAMEWORKS_FOLDER_PATH}/Realm.framework",
				"${TARGET_BUILD_DIR}/${FRAMEWORKS_FOLDER_PATH}/RealmSwift.framework",
			);
			runOnlyForDeploymentPostprocessing = 0;
			shellPath = /bin/sh;
			shellScript = "\"${SRCROOT}/Pods/Target Support Files/Pods-LifeTasks/Pods-LifeTasks-frameworks.sh\"\n";
			showEnvVarsInLog = 0;
		};
		B88DEA85232AF2076F2E6224 /* [CP] Check Pods Manifest.lock */ = {
			isa = PBXShellScriptBuildPhase;
			buildActionMask = 2147483647;
			files = (
			);
			inputPaths = (
				"${PODS_PODFILE_DIR_PATH}/Podfile.lock",
				"${PODS_ROOT}/Manifest.lock",
			);
			name = "[CP] Check Pods Manifest.lock";
			outputPaths = (
				"$(DERIVED_FILE_DIR)/Pods-LifeTasks-checkManifestLockResult.txt",
			);
			runOnlyForDeploymentPostprocessing = 0;
			shellPath = /bin/sh;
			shellScript = "diff \"${PODS_PODFILE_DIR_PATH}/Podfile.lock\" \"${PODS_ROOT}/Manifest.lock\" > /dev/null\nif [ $? != 0 ] ; then\n    # print error to STDERR\n    echo \"error: The sandbox is not in sync with the Podfile.lock. Run 'pod install' or update your CocoaPods installation.\" >&2\n    exit 1\nfi\n# This output is used by Xcode 'outputs' to avoid re-running this script phase.\necho \"SUCCESS\" > \"${SCRIPT_OUTPUT_FILE_0}\"\n";
			showEnvVarsInLog = 0;
		};
/* End PBXShellScriptBuildPhase section */

/* Begin PBXSourcesBuildPhase section */
		DACA8BCB20A2000A007035F8 /* Sources */ = {
			isa = PBXSourcesBuildPhase;
			buildActionMask = 2147483647;
			files = (
				DACA8BD520A2000A007035F8 /* ViewController.swift in Sources */,
				DACA8BD320A2000A007035F8 /* AppDelegate.swift in Sources */,
			);
			runOnlyForDeploymentPostprocessing = 0;
		};
/* End PBXSourcesBuildPhase section */

/* Begin PBXVariantGroup section */
		DACA8BD620A2000A007035F8 /* Main.storyboard */ = {
			isa = PBXVariantGroup;
			children = (
				DACA8BD720A2000A007035F8 /* Base */,
			);
			name = Main.storyboard;
			sourceTree = "<group>";
		};
		DACA8BDB20A20010007035F8 /* LaunchScreen.storyboard */ = {
			isa = PBXVariantGroup;
			children = (
				DACA8BDC20A20010007035F8 /* Base */,
			);
			name = LaunchScreen.storyboard;
			sourceTree = "<group>";
		};
/* End PBXVariantGroup section */

/* Begin XCBuildConfiguration section */
		DACA8BDF20A20010007035F8 /* Debug */ = {
			isa = XCBuildConfiguration;
			buildSettings = {
				ALWAYS_SEARCH_USER_PATHS = NO;
				CLANG_ANALYZER_NONNULL = YES;
				CLANG_ANALYZER_NUMBER_OBJECT_CONVERSION = YES_AGGRESSIVE;
				CLANG_CXX_LANGUAGE_STANDARD = "gnu++14";
				CLANG_CXX_LIBRARY = "libc++";
				CLANG_ENABLE_MODULES = YES;
				CLANG_ENABLE_OBJC_ARC = YES;
				CLANG_ENABLE_OBJC_WEAK = YES;
				CLANG_WARN_BLOCK_CAPTURE_AUTORELEASING = YES;
				CLANG_WARN_BOOL_CONVERSION = YES;
				CLANG_WARN_COMMA = YES;
				CLANG_WARN_CONSTANT_CONVERSION = YES;
				CLANG_WARN_DEPRECATED_OBJC_IMPLEMENTATIONS = YES;
				CLANG_WARN_DIRECT_OBJC_ISA_USAGE = YES_ERROR;
				CLANG_WARN_DOCUMENTATION_COMMENTS = YES;
				CLANG_WARN_EMPTY_BODY = YES;
				CLANG_WARN_ENUM_CONVERSION = YES;
				CLANG_WARN_INFINITE_RECURSION = YES;
				CLANG_WARN_INT_CONVERSION = YES;
				CLANG_WARN_NON_LITERAL_NULL_CONVERSION = YES;
				CLANG_WARN_OBJC_IMPLICIT_RETAIN_SELF = YES;
				CLANG_WARN_OBJC_LITERAL_CONVERSION = YES;
				CLANG_WARN_OBJC_ROOT_CLASS = YES_ERROR;
				CLANG_WARN_RANGE_LOOP_ANALYSIS = YES;
				CLANG_WARN_STRICT_PROTOTYPES = YES;
				CLANG_WARN_SUSPICIOUS_MOVE = YES;
				CLANG_WARN_UNGUARDED_AVAILABILITY = YES_AGGRESSIVE;
				CLANG_WARN_UNREACHABLE_CODE = YES;
				CLANG_WARN__DUPLICATE_METHOD_MATCH = YES;
				CODE_SIGN_IDENTITY = "iPhone Developer";
				COPY_PHASE_STRIP = NO;
				DEBUG_INFORMATION_FORMAT = dwarf;
				ENABLE_STRICT_OBJC_MSGSEND = YES;
				ENABLE_TESTABILITY = YES;
				GCC_C_LANGUAGE_STANDARD = gnu11;
				GCC_DYNAMIC_NO_PIC = NO;
				GCC_NO_COMMON_BLOCKS = YES;
				GCC_OPTIMIZATION_LEVEL = 0;
				GCC_PREPROCESSOR_DEFINITIONS = (
					"DEBUG=1",
					"$(inherited)",
				);
				GCC_WARN_64_TO_32_BIT_CONVERSION = YES;
				GCC_WARN_ABOUT_RETURN_TYPE = YES_ERROR;
				GCC_WARN_UNDECLARED_SELECTOR = YES;
				GCC_WARN_UNINITIALIZED_AUTOS = YES_AGGRESSIVE;
				GCC_WARN_UNUSED_FUNCTION = YES;
				GCC_WARN_UNUSED_VARIABLE = YES;
				IPHONEOS_DEPLOYMENT_TARGET = 11.3;
				MTL_ENABLE_DEBUG_INFO = YES;
				ONLY_ACTIVE_ARCH = YES;
				SDKROOT = iphoneos;
				SWIFT_ACTIVE_COMPILATION_CONDITIONS = DEBUG;
				SWIFT_OPTIMIZATION_LEVEL = "-Onone";
			};
			name = Debug;
		};
		DACA8BE020A20010007035F8 /* Release */ = {
			isa = XCBuildConfiguration;
			buildSettings = {
				ALWAYS_SEARCH_USER_PATHS = NO;
				CLANG_ANALYZER_NONNULL = YES;
				CLANG_ANALYZER_NUMBER_OBJECT_CONVERSION = YES_AGGRESSIVE;
				CLANG_CXX_LANGUAGE_STANDARD = "gnu++14";
				CLANG_CXX_LIBRARY = "libc++";
				CLANG_ENABLE_MODULES = YES;
				CLANG_ENABLE_OBJC_ARC = YES;
				CLANG_ENABLE_OBJC_WEAK = YES;
				CLANG_WARN_BLOCK_CAPTURE_AUTORELEASING = YES;
				CLANG_WARN_BOOL_CONVERSION = YES;
				CLANG_WARN_COMMA = YES;
				CLANG_WARN_CONSTANT_CONVERSION = YES;
				CLANG_WARN_DEPRECATED_OBJC_IMPLEMENTATIONS = YES;
				CLANG_WARN_DIRECT_OBJC_ISA_USAGE = YES_ERROR;
				CLANG_WARN_DOCUMENTATION_COMMENTS = YES;
				CLANG_WARN_EMPTY_BODY = YES;
				CLANG_WARN_ENUM_CONVERSION = YES;
				CLANG_WARN_INFINITE_RECURSION = YES;
				CLANG_WARN_INT_CONVERSION = YES;
				CLANG_WARN_NON_LITERAL_NULL_CONVERSION = YES;
				CLANG_WARN_OBJC_IMPLICIT_RETAIN_SELF = YES;
				CLANG_WARN_OBJC_LITERAL_CONVERSION = YES;
				CLANG_WARN_OBJC_ROOT_CLASS = YES_ERROR;
				CLANG_WARN_RANGE_LOOP_ANALYSIS = YES;
				CLANG_WARN_STRICT_PROTOTYPES = YES;
				CLANG_WARN_SUSPICIOUS_MOVE = YES;
				CLANG_WARN_UNGUARDED_AVAILABILITY = YES_AGGRESSIVE;
				CLANG_WARN_UNREACHABLE_CODE = YES;
				CLANG_WARN__DUPLICATE_METHOD_MATCH = YES;
				CODE_SIGN_IDENTITY = "iPhone Developer";
				COPY_PHASE_STRIP = NO;
				DEBUG_INFORMATION_FORMAT = "dwarf-with-dsym";
				ENABLE_NS_ASSERTIONS = NO;
				ENABLE_STRICT_OBJC_MSGSEND = YES;
				GCC_C_LANGUAGE_STANDARD = gnu11;
				GCC_NO_COMMON_BLOCKS = YES;
				GCC_WARN_64_TO_32_BIT_CONVERSION = YES;
				GCC_WARN_ABOUT_RETURN_TYPE = YES_ERROR;
				GCC_WARN_UNDECLARED_SELECTOR = YES;
				GCC_WARN_UNINITIALIZED_AUTOS = YES_AGGRESSIVE;
				GCC_WARN_UNUSED_FUNCTION = YES;
				GCC_WARN_UNUSED_VARIABLE = YES;
				IPHONEOS_DEPLOYMENT_TARGET = 11.3;
				MTL_ENABLE_DEBUG_INFO = NO;
				SDKROOT = iphoneos;
				SWIFT_COMPILATION_MODE = wholemodule;
				SWIFT_OPTIMIZATION_LEVEL = "-O";
				VALIDATE_PRODUCT = YES;
			};
			name = Release;
		};
		DACA8BE220A20010007035F8 /* Debug */ = {
			isa = XCBuildConfiguration;
			baseConfigurationReference = 5C6C2FDC26BC130C274321C9 /* Pods-LifeTasks.debug.xcconfig */;
			buildSettings = {
				ASSETCATALOG_COMPILER_APPICON_NAME = AppIcon;
				CODE_SIGN_STYLE = Automatic;
				DEVELOPMENT_TEAM = 778N4TU227;
				INFOPLIST_FILE = LifeTasks/Info.plist;
				LD_RUNPATH_SEARCH_PATHS = "$(inherited) @executable_path/Frameworks";
				PRODUCT_BUNDLE_IDENTIFIER = everis.LifeTasks;
				PRODUCT_NAME = "$(TARGET_NAME)";
				SWIFT_VERSION = 4.0;
				TARGETED_DEVICE_FAMILY = "1,2";
			};
			name = Debug;
		};
		DACA8BE320A20010007035F8 /* Release */ = {
			isa = XCBuildConfiguration;
			baseConfigurationReference = 5E454B497E84F39E29D0F2FF /* Pods-LifeTasks.release.xcconfig */;
			buildSettings = {
				ASSETCATALOG_COMPILER_APPICON_NAME = AppIcon;
				CODE_SIGN_STYLE = Automatic;
				DEVELOPMENT_TEAM = 778N4TU227;
				INFOPLIST_FILE = LifeTasks/Info.plist;
				LD_RUNPATH_SEARCH_PATHS = "$(inherited) @executable_path/Frameworks";
				PRODUCT_BUNDLE_IDENTIFIER = everis.LifeTasks;
				PRODUCT_NAME = "$(TARGET_NAME)";
				SWIFT_VERSION = 4.0;
				TARGETED_DEVICE_FAMILY = "1,2";
			};
			name = Release;
		};
/* End XCBuildConfiguration section */

/* Begin XCConfigurationList section */
		DACA8BCA20A2000A007035F8 /* Build configuration list for PBXProject "LifeTasks" */ = {
			isa = XCConfigurationList;
			buildConfigurations = (
				DACA8BDF20A20010007035F8 /* Debug */,
				DACA8BE020A20010007035F8 /* Release */,
			);
			defaultConfigurationIsVisible = 0;
			defaultConfigurationName = Release;
		};
		DACA8BE120A20010007035F8 /* Build configuration list for PBXNativeTarget "LifeTasks" */ = {
			isa = XCConfigurationList;
			buildConfigurations = (
				DACA8BE220A20010007035F8 /* Debug */,
				DACA8BE320A20010007035F8 /* Release */,
			);
			defaultConfigurationIsVisible = 0;
			defaultConfigurationName = Release;
		};
/* End XCConfigurationList section */
	};
	rootObject = DACA8BC720A2000A007035F8 /* Project object */;
}
